{
  "nodes": {
    "custom-dmenu": {
      "flake": false,
      "locked": {
        "lastModified": 1712049507,
        "narHash": "sha256-oPy8iRY0h5h9ZtrrQGIR2Sz6SwOivy4YWfYPN3ZflZQ=",
        "owner": "pwl45",
        "repo": "dmenu-flexipatch",
        "rev": "173588b15b159e1cdd4a40f232bca9eb755576a5",
        "type": "github"
      },
      "original": {
        "owner": "pwl45",
        "repo": "dmenu-flexipatch",
        "type": "github"
      }
    },
    "custom-dwm": {
      "flake": false,
      "locked": {
        "lastModified": 1656051613,
        "narHash": "sha256-Yxu3aIFkHG2PGomi3wBIWiFXIHEdHseaEM+kwsBf73o=",
        "owner": "pwl45",
        "repo": "pwl-dwm",
        "rev": "4c09983c128f80f6c1670bc7540f941fe8c56629",
        "type": "github"
      },
      "original": {
        "owner": "pwl45",
        "repo": "pwl-dwm",
        "type": "github"
      }
    },
    "custom-dwmblocks": {
      "flake": false,
      "locked": {
        "lastModified": 1738461431,
        "narHash": "sha256-eEbmqWIC7KRlSd1PyQhxYJUNZeAF7tJXGUHi91Z88C0=",
        "owner": "pwl45",
        "repo": "pwl-dwmblocks",
        "rev": "77401c8ce15fd2c22df32716b4acd584e63bd6be",
        "type": "github"
      },
      "original": {
        "owner": "pwl45",
        "repo": "pwl-dwmblocks",
        "type": "github"
      }
    },
    "custom-st": {
      "flake": false,
      "locked": {
        "lastModified": 1696994006,
        "narHash": "sha256-KIW0Ng0USe/KjpQkuN5xgzar8MUQKiDOxEAGGtTi07s=",
        "owner": "pwl45",
        "repo": "pwl-st",
        "rev": "7ab4862a38df97915924ee2a5f32307ce0aec170",
        "type": "github"
      },
      "original": {
        "owner": "pwl45",
        "repo": "pwl-st",
        "type": "github"
      }
    },
    "flake-parts": {
      "inputs": {
        "nixpkgs-lib": [
          "nixvim",
          "nixpkgs"
        ]
      },
      "locked": {
        "lastModified": 1778716662,
        "narHash": "sha256-m1Yf0wZ8j1OHjTc2UwHwyQRSnNeSgLJOd7q5Y45hzi4=",
        "owner": "hercules-ci",
        "repo": "flake-parts",
        "rev": "f7c1a2d347e4c52d5fb8d10cb4d94b5884e546fb",
        "type": "github"
      },
      "original": {
        "owner": "hercules-ci",
        "repo": "flake-parts",
        "type": "github"
      }
    },
    "home-manager": {
      "inputs": {
        "nixpkgs": [
          "nixpkgs"
        ]
      },
      "locked": {
        "lastModified": 1779140521,
        "narHash": "sha256-j1sEzwit7BhYP56sVsNNVA/Ds+Pjc4gLqVRCBWAU2Es=",
        "owner": "nix-community",
        "repo": "home-manager",
        "rev": "b0e2077789e884d66c47274b88aca4899d28b05f",
        "type": "github"
      },
      "original": {
        "owner": "nix-community",
        "repo": "home-manager",
        "type": "github"
      }
    },
    "nixpkgs": {
      "locked": {
        "lastModified": 1778869304,
        "narHash": "sha256-30sZNZoA1cqF5JNO9fVX+wgiQYjB7HJqqJ4ztCDeBZE=",
        "owner": "nixos",
        "repo": "nixpkgs",
        "rev": "d233902339c02a9c334e7e593de68855ad26c4cb",
        "type": "github"
      },
      "original": {
        "owner": "nixos",
        "ref": "nixos-unstable",
        "repo": "nixpkgs",
        "type": "github"
      }
    },
    "nixpkgs-unstable": {
      "locked": {
        "lastModified": 1778869304,
        "narHash": "sha256-30sZNZoA1cqF5JNO9fVX+wgiQYjB7HJqqJ4ztCDeBZE=",
        "owner": "nixos",
        "repo": "nixpkgs",
        "rev": "d233902339c02a9c334e7e593de68855ad26c4cb",
        "type": "github"
      },
      "original": {
        "owner": "nixos",
        "ref": "nixos-unstable",
        "repo": "nixpkgs",
        "type": "github"
      }
    },
    "nixvim": {
      "inputs": {
        "flake-parts": "flake-parts",
        "nixpkgs": [
          "nixpkgs"
        ],
        "systems": "systems"
      },
      "locked": {
        "lastModified": 1779116047,
        "narHash": "sha256-2BnXm4/BvR5B0CH8nxC4CL+y+Z7woqPbPxKO7IMH85U=",
        "owner": "nix-community",
        "repo": "nixvim",
        "rev": "1367315826ebda2bebbf896029f44ac05df523f5",
        "type": "github"
      },
      "original": {
        "owner": "nix-community",
        "repo": "nixvim",
        "type": "github"
      }
    },
    "root": {
      "inputs": {
        "custom-dmenu": "custom-dmenu",
        "custom-dwm": "custom-dwm",
        "custom-dwmblocks": "custom-dwmblocks",
        "custom-st": "custom-st",
        "home-manager": "home-manager",
        "nixpkgs": "nixpkgs",
        "nixpkgs-unstable": "nixpkgs-unstable",
        "nixvim": "nixvim"
      }
    },
    "systems": {
      "locked": {
        "lastModified": 1681028828,
        "narHash": "sha256-Vy1rq5AaRuLzOxct8nz4T6wlgyUR7zLU309k9mBC768=",
        "owner": "nix-systems",
        "repo": "default",
        "rev": "da67096a3b9bf56a91d16901293e51ba5b49a27e",
        "type": "github"
      },
      "original": {
        "owner": "nix-systems",
        "repo": "default",
        "type": "github"
      }
    }
  },
  "root": "root",
  "version": 7
}
