{
  "nodes": {
    "custom-dmenu": {
      "flake": false,
      "locked": {
        "lastModified": 1712049507,
        "narHash": "sha256-oPy8iRY0h5h9ZtrrQGIR2Sz6SwOivy4YWfYPN3ZflZQ=",
        "owner": "pwl45",
        "repo": "dmenu-flexipatch",
        "rev": "173588b15b159e1cdd4a40f232bca9eb755576a5",
        "type": "github"
      },
      "original": {
        "owner": "pwl45",
        "repo": "dmenu-flexipatch",
        "type": "github"
      }
    },
    "custom-dwm": {
      "flake": false,
      "locked": {
        "lastModified": 1779945977,
        "narHash": "sha256-D/ax7rcYO1hiHq2gTjXyJjbyppuR0iTfg1SqzT/BTRE=",
        "owner": "pwl45",
        "repo": "pwl-dwm",
        "rev": "154b54afbf9822fde78687f78f7d2fca8eb2367c",
        "type": "github"
      },
      "original": {
        "owner": "pwl45",
        "repo": "pwl-dwm",
        "type": "github"
      }
    },
    "custom-dwmblocks": {
      "flake": false,
      "locked": {
        "lastModified": 1786127276,
        "narHash": "sha256-+N6m9fXe0wJschiF2v/v/msxAyyHUS89Ur7ZYeuij9c=",
        "owner": "pwl45",
        "repo": "pwl-dwmblocks",
        "rev": "dbd291c558f62483c23735085a6d8b3fa29ef78a",
        "type": "github"
      },
      "original": {
        "owner": "pwl45",
        "repo": "pwl-dwmblocks",
        "type": "github"
      }
    },
    "custom-st": {
      "flake": false,
      "locked": {
        "lastModified": 1789316435,
        "narHash": "sha256-H90rS2oknCrOwcjPvh9+Vk9mqH6YIt0ok9ULWeSmMVE=",
        "owner": "pwl45",
        "repo": "pwl-st",
        "rev": "b41abf69ce43ca8318f35c175149c8a84ddfb13a",
        "type": "github"
      },
      "original": {
        "owner": "pwl45",
        "repo": "pwl-st",
        "type": "github"
      }
    },
    "flake-parts": {
      "inputs": {
        "nixpkgs-lib": [
          "hermes-agent",
          "nixpkgs"
        ]
      },
      "locked": {
        "lastModified": 1782949081,
        "narHash": "sha256-vp6Y/Grm98ESt6ceOkWiHWyZRDV3J1RID4w+6NWK9yA=",
        "owner": "hercules-ci",
        "repo": "flake-parts",
        "rev": "17c9d6cdfc60c64f4ee8d306f9bc0b4ccb51481e",
        "type": "github"
      },
      "original": {
        "owner": "hercules-ci",
        "repo": "flake-parts",
        "type": "github"
      }
    },
    "flake-parts_2": {
      "inputs": {
        "nixpkgs-lib": [
          "nixvim",
          "nixpkgs"
        ]
      },
      "locked": {
        "lastModified": 1788450739,
        "narHash": "sha256-glZLQlzIn1fXH6PazR2iUmTo7kzzyYSshrWhLS9TqCU=",
        "owner": "hercules-ci",
        "repo": "flake-parts",
        "rev": "31729ca8cbdb4fa927b34e5f4353e6a83f39e993",
        "type": "github"
      },
      "original": {
        "owner": "hercules-ci",
        "repo": "flake-parts",
        "type": "github"
      }
    },
    "hermes-agent": {
      "inputs": {
        "flake-parts": "flake-parts",
        "home-manager": "home-manager",
        "nixpkgs": [
          "nixpkgs"
        ],
        "npm-lockfile-fix": "npm-lockfile-fix",
        "pyproject-build-systems": "pyproject-build-systems",
        "pyproject-nix": "pyproject-nix",
        "uv2nix": "uv2nix"
      },
      "locked": {
        "lastModified": 1789317644,
        "narHash": "sha256-HDW5A9p/23cBsJZyNDiHPmTkbt7+lsnIH1dE5foTa8k=",
        "owner": "NousResearch",
        "repo": "hermes-agent",
        "rev": "5dea46d13deec9549bdc2ea703ae9201d733c28d",
        "type": "github"
      },
      "original": {
        "owner": "NousResearch",
        "repo": "hermes-agent",
        "type": "github"
      }
    },
    "home-manager": {
      "inputs": {
        "nixpkgs": [
          "hermes-agent",
          "nixpkgs"
        ]
      },
      "locked": {
        "lastModified": 1786487128,
        "narHash": "sha256-ad60hrRVhH/bo3Jl1YLzO+QcS3mUNZr9LNJdzhMO2P4=",
        "owner": "nix-community",
        "repo": "home-manager",
        "rev": "f404edbfa4117810c96b97048299242fc50e5362",
        "type": "github"
      },
      "original": {
        "owner": "nix-community",
        "repo": "home-manager",
        "type": "github"
      }
    },
    "home-manager_2": {
      "inputs": {
        "nixpkgs": [
          "nixpkgs"
        ]
      },
      "locked": {
        "lastModified": 1789311667,
        "narHash": "sha256-AHjqAlQ5CoNR+3Y6NqASoQXCwJTqYPDaVIlt913Mv/E=",
        "owner": "nix-community",
        "repo": "home-manager",
        "rev": "7e3645c737e803fcc98e27bc99c5835c700836f2",
        "type": "github"
      },
      "original": {
        "owner": "nix-community",
        "repo": "home-manager",
        "type": "github"
      }
    },
    "nixpkgs": {
      "locked": {
        "lastModified": 1789149629,
        "narHash": "sha256-H6GwaZzZf+4npqv0tph94w9tZddSjFjmQrVsW0z78uk=",
        "owner": "nixos",
        "repo": "nixpkgs",
        "rev": "eaad089433ca2bb662274377d33df3d0e51ef28b",
        "type": "github"
      },
      "original": {
        "owner": "nixos",
        "ref": "nixos-unstable",
        "repo": "nixpkgs",
        "type": "github"
      }
    },
    "nixpkgs-unstable": {
      "locked": {
        "lastModified": 1789149629,
        "narHash": "sha256-H6GwaZzZf+4npqv0tph94w9tZddSjFjmQrVsW0z78uk=",
        "owner": "nixos",
        "repo": "nixpkgs",
        "rev": "eaad089433ca2bb662274377d33df3d0e51ef28b",
        "type": "github"
      },
      "original": {
        "owner": "nixos",
        "ref": "nixos-unstable",
        "repo": "nixpkgs",
        "type": "github"
      }
    },
    "nixpkgs_2": {
      "locked": {
        "lastModified": 1789073787,
        "narHash": "sha256-xfX/toC2QV707s06GbP4II/TxYF0fNQj7s5/LClNDKc=",
        "owner": "NixOS",
        "repo": "nixpkgs",
        "rev": "aff8a0b28396750446e5537a96461bc4facdb287",
        "type": "github"
      },
      "original": {
        "owner": "NixOS",
        "ref": "nixpkgs-unstable",
        "repo": "nixpkgs",
        "type": "github"
      }
    },
    "nixvim": {
      "inputs": {
        "flake-parts": "flake-parts_2",
        "nixpkgs": "nixpkgs_2",
        "systems": "systems"
      },
      "locked": {
        "lastModified": 1789311313,
        "narHash": "sha256-79l448oCbWZAuqewBd7hWby4+PLjI1Bnyrb/py8C2HA=",
        "owner": "nix-community",
        "repo": "nixvim",
        "rev": "31e5c6a0937e2554aa5279719ff794655bfb0365",
        "type": "github"
      },
      "original": {
        "owner": "nix-community",
        "repo": "nixvim",
        "type": "github"
      }
    },
    "npm-lockfile-fix": {
      "inputs": {
        "nixpkgs": [
          "hermes-agent",
          "nixpkgs"
        ]
      },
      "locked": {
        "lastModified": 1775903712,
        "narHash": "sha256-2GV79U6iVH4gKAPWYrxUReB0S41ty/Y3dBLquU8AlaA=",
        "owner": "jeslie0",
        "repo": "npm-lockfile-fix",
        "rev": "c6093acb0c0548e0f9b8b3d82918823721930fe8",
        "type": "github"
      },
      "original": {
        "owner": "jeslie0",
        "repo": "npm-lockfile-fix",
        "type": "github"
      }
    },
    "pyproject-build-systems": {
      "inputs": {
        "nixpkgs": [
          "hermes-agent",
          "nixpkgs"
        ],
        "pyproject-nix": [
          "hermes-agent",
          "pyproject-nix"
        ],
        "uv2nix": [
          "hermes-agent",
          "uv2nix"
        ]
      },
      "locked": {
        "lastModified": 1785115949,
        "narHash": "sha256-8AM37BfyGaL2v/SZyg4PupRxJ01Y4htvM+WrTjWrPpo=",
        "owner": "pyproject-nix",
        "repo": "build-system-pkgs",
        "rev": "62c0d86027edb1c4f39a5facc09876348144f7c9",
        "type": "github"
      },
      "original": {
        "owner": "pyproject-nix",
        "repo": "build-system-pkgs",
        "type": "github"
      }
    },
    "pyproject-nix": {
      "inputs": {
        "nixpkgs": [
          "hermes-agent",
          "nixpkgs"
        ]
      },
      "locked": {
        "lastModified": 1784591072,
        "narHash": "sha256-zP/WaDxrRu8GANZM61+V2LT/7ycEEdoyLWn7M6WzU7M=",
        "owner": "pyproject-nix",
        "repo": "pyproject.nix",
        "rev": "e3b599ca2e7fcf93d4edf65d7f19bbf6491724f3",
        "type": "github"
      },
      "original": {
        "owner": "pyproject-nix",
        "repo": "pyproject.nix",
        "type": "github"
      }
    },
    "root": {
      "inputs": {
        "custom-dmenu": "custom-dmenu",
        "custom-dwm": "custom-dwm",
        "custom-dwmblocks": "custom-dwmblocks",
        "custom-st": "custom-st",
        "hermes-agent": "hermes-agent",
        "home-manager": "home-manager_2",
        "nixpkgs": "nixpkgs",
        "nixpkgs-unstable": "nixpkgs-unstable",
        "nixvim": "nixvim"
      }
    },
    "systems": {
      "flake": false,
      "locked": {
        "lastModified": 1774449309,
        "narHash": "sha256-brhZ8DmuGtzkCYHJg4HEd602amKm89Y9ytsFZ5uWD1w=",
        "owner": "nix-systems",
        "repo": "default",
        "rev": "c29398b59d2048c4ab79345812849c9bd15e9150",
        "type": "github"
      },
      "original": {
        "owner": "nix-systems",
        "ref": "future-26.11",
        "repo": "default",
        "type": "github"
      }
    },
    "uv2nix": {
      "inputs": {
        "nixpkgs": [
          "hermes-agent",
          "nixpkgs"
        ],
        "pyproject-nix": [
          "hermes-agent",
          "pyproject-nix"
        ]
      },
      "locked": {
        "lastModified": 1785277507,
        "narHash": "sha256-9Tq3UDX2hD/aveW/HvkBlAmEwJTOlY5HQXJM+L5BGmE=",
        "owner": "pyproject-nix",
        "repo": "uv2nix",
        "rev": "5a836d395cbf5fc22670eb98dd4aa4fc4d406977",
        "type": "github"
      },
      "original": {
        "owner": "pyproject-nix",
        "repo": "uv2nix",
        "type": "github"
      }
    }
  },
  "root": "root",
  "version": 7
}
