{
  "nodes": {
    "custom-dmenu": {
      "flake": false,
      "locked": {
        "lastModified": 1712049507,
        "narHash": "sha256-oPy8iRY0h5h9ZtrrQGIR2Sz6SwOivy4YWfYPN3ZflZQ=",
        "owner": "pwl45",
        "repo": "dmenu-flexipatch",
        "rev": "173588b15b159e1cdd4a40f232bca9eb755576a5",
        "type": "github"
      },
      "original": {
        "owner": "pwl45",
        "repo": "dmenu-flexipatch",
        "type": "github"
      }
    },
    "custom-dwm": {
      "flake": false,
      "locked": {
        "lastModified": 1779945977,
        "narHash": "sha256-D/ax7rcYO1hiHq2gTjXyJjbyppuR0iTfg1SqzT/BTRE=",
        "owner": "pwl45",
        "repo": "pwl-dwm",
        "rev": "154b54afbf9822fde78687f78f7d2fca8eb2367c",
        "type": "github"
      },
      "original": {
        "owner": "pwl45",
        "repo": "pwl-dwm",
        "type": "github"
      }
    },
    "custom-dwmblocks": {
      "flake": false,
      "locked": {
        "lastModified": 1738461431,
        "narHash": "sha256-eEbmqWIC7KRlSd1PyQhxYJUNZeAF7tJXGUHi91Z88C0=",
        "owner": "pwl45",
        "repo": "pwl-dwmblocks",
        "rev": "77401c8ce15fd2c22df32716b4acd584e63bd6be",
        "type": "github"
      },
      "original": {
        "owner": "pwl45",
        "repo": "pwl-dwmblocks",
        "type": "github"
      }
    },
    "custom-st": {
      "flake": false,
      "locked": {
        "lastModified": 1696994006,
        "narHash": "sha256-KIW0Ng0USe/KjpQkuN5xgzar8MUQKiDOxEAGGtTi07s=",
        "owner": "pwl45",
        "repo": "pwl-st",
        "rev": "7ab4862a38df97915924ee2a5f32307ce0aec170",
        "type": "github"
      },
      "original": {
        "owner": "pwl45",
        "repo": "pwl-st",
        "type": "github"
      }
    },
    "flake-parts": {
      "inputs": {
        "nixpkgs-lib": [
          "nixvim",
          "nixpkgs"
        ]
      },
      "locked": {
        "lastModified": 1778716662,
        "narHash": "sha256-m1Yf0wZ8j1OHjTc2UwHwyQRSnNeSgLJOd7q5Y45hzi4=",
        "owner": "hercules-ci",
        "repo": "flake-parts",
        "rev": "f7c1a2d347e4c52d5fb8d10cb4d94b5884e546fb",
        "type": "github"
      },
      "original": {
        "owner": "hercules-ci",
        "repo": "flake-parts",
        "type": "github"
      }
    },
    "home-manager": {
      "inputs": {
        "nixpkgs": [
          "nixpkgs"
        ]
      },
      "locked": {
        "lastModified": 1781043330,
        "narHash": "sha256-eApJsGv0lSn8OKqcBQJDFZI6Jg8coS7M8urNo3cVl9U=",
        "owner": "nix-community",
        "repo": "home-manager",
        "rev": "bd4277722d215970366a405d280301a796a364fc",
        "type": "github"
      },
      "original": {
        "owner": "nix-community",
        "repo": "home-manager",
        "type": "github"
      }
    },
    "nixpkgs": {
      "locked": {
        "lastModified": 1780749050,
        "narHash": "sha256-3av0pIjlOWQ6rDbNOmpUSvbNnJkGORQKKjb4LtCZsIY=",
        "owner": "nixos",
        "repo": "nixpkgs",
        "rev": "a799d3e3886da994fa307f817a6bc705ae538eeb",
        "type": "github"
      },
      "original": {
        "owner": "nixos",
        "ref": "nixos-unstable",
        "repo": "nixpkgs",
        "type": "github"
      }
    },
    "nixpkgs-unstable": {
      "locked": {
        "lastModified": 1780749050,
        "narHash": "sha256-3av0pIjlOWQ6rDbNOmpUSvbNnJkGORQKKjb4LtCZsIY=",
        "owner": "nixos",
        "repo": "nixpkgs",
        "rev": "a799d3e3886da994fa307f817a6bc705ae538eeb",
        "type": "github"
      },
      "original": {
        "owner": "nixos",
        "ref": "nixos-unstable",
        "repo": "nixpkgs",
        "type": "github"
      }
    },
    "nixvim": {
      "inputs": {
        "flake-parts": "flake-parts",
        "nixpkgs": [
          "nixpkgs"
        ],
        "systems": "systems"
      },
      "locked": {
        "lastModified": 1781034432,
        "narHash": "sha256-+UuS36un3lXLtKsGCYQnOn51hDhB+dZ1SHoHXClnV/0=",
        "owner": "nix-community",
        "repo": "nixvim",
        "rev": "e9fbbd56eab78751ba4c166c31a1667042528ced",
        "type": "github"
      },
      "original": {
        "owner": "nix-community",
        "repo": "nixvim",
        "type": "github"
      }
    },
    "root": {
      "inputs": {
        "custom-dmenu": "custom-dmenu",
        "custom-dwm": "custom-dwm",
        "custom-dwmblocks": "custom-dwmblocks",
        "custom-st": "custom-st",
        "home-manager": "home-manager",
        "nixpkgs": "nixpkgs",
        "nixpkgs-unstable": "nixpkgs-unstable",
        "nixvim": "nixvim"
      }
    },
    "systems": {
      "locked": {
        "lastModified": 1774449309,
        "narHash": "sha256-brhZ8DmuGtzkCYHJg4HEd602amKm89Y9ytsFZ5uWD1w=",
        "owner": "nix-systems",
        "repo": "default",
        "rev": "c29398b59d2048c4ab79345812849c9bd15e9150",
        "type": "github"
      },
      "original": {
        "owner": "nix-systems",
        "ref": "future-26.11",
        "repo": "default",
        "type": "github"
      }
    }
  },
  "root": "root",
  "version": 7
}
